// !$*UTF8*$!
{
	archiveVersion = 1;
	classes = {
	};
	objectVersion = 56;
	objects = {

/* Begin PBXBuildFile section */
		52E1A7722A6852E700FF68CC /* ParkingLotInterviewTestApp.swift in Sources */ = {isa = PBXBuildFile; fileRef = 52E1A7712A6852E700FF68CC /* ParkingLotInterviewTestApp.swift */; };
		52E1A7742A6852E700FF68CC /* ParkingLotView.swift in Sources */ = {isa = PBXBuildFile; fileRef = 52E1A7732A6852E700FF68CC /* ParkingLotView.swift */; };
		52E1A7762A6852E800FF68CC /* Assets.xcassets in Resources */ = {isa = PBXBuildFile; fileRef = 52E1A7752A6852E800FF68CC /* Assets.xcassets */; };
		52E1A77A2A6852E800FF68CC /* Preview Assets.xcassets in Resources */ = {isa = PBXBuildFile; fileRef = 52E1A7792A6852E800FF68CC /* Preview Assets.xcassets */; };
		52E1A7822A68530600FF68CC /* ParkingLot.swift in Sources */ = {isa = PBXBuildFile; fileRef = 52E1A7812A68530600FF68CC /* ParkingLot.swift */; };
		52E1A7842A68534900FF68CC /* Space.swift in Sources */ = {isa = PBXBuildFile; fileRef = 52E1A7832A68534900FF68CC /* Space.swift */; };
		52E1A7862A68534E00FF68CC /* Vehicle.swift in Sources */ = {isa = PBXBuildFile; fileRef = 52E1A7852A68534E00FF68CC /* Vehicle.swift */; };
		52E1A7882A6861A000FF68CC /* ParkingLotState.swift in Sources */ = {isa = PBXBuildFile; fileRef = 52E1A7872A6861A000FF68CC /* ParkingLotState.swift */; };
		52E1A78A2A6867E800FF68CC /* SpaceListView.swift in Sources */ = {isa = PBXBuildFile; fileRef = 52E1A7892A6867E800FF68CC /* SpaceListView.swift */; };
		52E1A78C2A686B7000FF68CC /* CurrentParkedCarsView.swift in Sources */ = {isa = PBXBuildFile; fileRef = 52E1A78B2A686B7000FF68CC /* CurrentParkedCarsView.swift */; };
/* End PBXBuildFile section */

/* Begin PBXFileReference section */
		52E1A76E2A6852E700FF68CC /* ParkingLotInterviewTest.app */ = {isa = PBXFileReference; explicitFileType = wrapper.application; includeInIndex = 0; path = ParkingLotInterviewTest.app; sourceTree = BUILT_PRODUCTS_DIR; };
		52E1A7712A6852E700FF68CC /* ParkingLotInterviewTestApp.swift */ = {isa = PBXFileReference; lastKnownFileType = sourcecode.swift; path = ParkingLotInterviewTestApp.swift; sourceTree = "<group>"; };
		52E1A7732A6852E700FF68CC /* ParkingLotView.swift */ = {isa = PBXFileReference; lastKnownFileType = sourcecode.swift; path = ParkingLotView.swift; sourceTree = "<group>"; };
		52E1A7752A6852E800FF68CC /* Assets.xcassets */ = {isa = PBXFileReference; lastKnownFileType = folder.assetcatalog; path = Assets.xcassets; sourceTree = "<group>"; };
		52E1A7772A6852E800FF68CC /* ParkingLotInterviewTest.entitlements */ = {isa = PBXFileReference; lastKnownFileType = text.plist.entitlements; path = ParkingLotInterviewTest.entitlements; sourceTree = "<group>"; };
		52E1A7792A6852E800FF68CC /* Preview Assets.xcassets */ = {isa = PBXFileReference; lastKnownFileType = folder.assetcatalog; path = "Preview Assets.xcassets"; sourceTree = "<group>"; };
		52E1A7812A68530600FF68CC /* ParkingLot.swift */ = {isa = PBXFileReference; lastKnownFileType = sourcecode.swift; path = ParkingLot.swift; sourceTree = "<group>"; };
		52E1A7832A68534900FF68CC /* Space.swift */ = {isa = PBXFileReference; lastKnownFileType = sourcecode.swift; path = Space.swift; sourceTree = "<group>"; };
		52E1A7852A68534E00FF68CC /* Vehicle.swift */ = {isa = PBXFileReference; lastKnownFileType = sourcecode.swift; path = Vehicle.swift; sourceTree = "<group>"; };
		52E1A7872A6861A000FF68CC /* ParkingLotState.swift */ = {isa = PBXFileReference; lastKnownFileType = sourcecode.swift; path = ParkingLotState.swift; sourceTree = "<group>"; };
		52E1A7892A6867E800FF68CC /* SpaceListView.swift */ = {isa = PBXFileReference; lastKnownFileType = sourcecode.swift; path = SpaceListView.swift; sourceTree = "<group>"; };
		52E1A78B2A686B7000FF68CC /* CurrentParkedCarsView.swift */ = {isa = PBXFileReference; lastKnownFileType = sourcecode.swift; path = CurrentParkedCarsView.swift; sourceTree = "<group>"; };
/* End PBXFileReference section */

/* Begin PBXFrameworksBuildPhase section */
		52E1A76B2A6852E700FF68CC /* Frameworks */ = {
			isa = PBXFrameworksBuildPhase;
			buildActionMask = 2147483647;
			files = (
			);
			runOnlyForDeploymentPostprocessing = 0;
		};
/* End PBXFrameworksBuildPhase section */

/* Begin PBXGroup section */
		52E1A7652A6852E700FF68CC = {
			isa = PBXGroup;
			children = (
				52E1A7702A6852E700FF68CC /* ParkingLotInterviewTest */,
				52E1A76F2A6852E700FF68CC /* Products */,
			);
			sourceTree = "<group>";
		};
		52E1A76F2A6852E700FF68CC /* Products */ = {
			isa = PBXGroup;
			children = (
				52E1A76E2A6852E700FF68CC /* ParkingLotInterviewTest.app */,
			);
			name = Products;
			sourceTree = "<group>";
		};
		52E1A7702A6852E700FF68CC /* ParkingLotInterviewTest */ = {
			isa = PBXGroup;
			children = (
				52E1A7802A6852FB00FF68CC /* ParkingLot */,
				52E1A7712A6852E700FF68CC /* ParkingLotInterviewTestApp.swift */,
				52E1A7732A6852E700FF68CC /* ParkingLotView.swift */,
				52E1A7892A6867E800FF68CC /* SpaceListView.swift */,
				52E1A78B2A686B7000FF68CC /* CurrentParkedCarsView.swift */,
				52E1A7752A6852E800FF68CC /* Assets.xcassets */,
				52E1A7772A6852E800FF68CC /* ParkingLotInterviewTest.entitlements */,
				52E1A7782A6852E800FF68CC /* Preview Content */,
			);
			path = ParkingLotInterviewTest;
			sourceTree = "<group>";
		};
		52E1A7782A6852E800FF68CC /* Preview Content */ = {
			isa = PBXGroup;
			children = (
				52E1A7792A6852E800FF68CC /* Preview Assets.xcassets */,
			);
			path = "Preview Content";
			sourceTree = "<group>";
		};
		52E1A7802A6852FB00FF68CC /* ParkingLot */ = {
			isa = PBXGroup;
			children = (
				52E1A7812A68530600FF68CC /* ParkingLot.swift */,
				52E1A7832A68534900FF68CC /* Space.swift */,
				52E1A7852A68534E00FF68CC /* Vehicle.swift */,
				52E1A7872A6861A000FF68CC /* ParkingLotState.swift */,
			);
			path = ParkingLot;
			sourceTree = "<group>";
		};
/* End PBXGroup section */

/* Begin PBXNativeTarget section */
		52E1A76D2A6852E700FF68CC /* ParkingLotInterviewTest */ = {
			isa = PBXNativeTarget;
			buildConfigurationList = 52E1A77D2A6852E800FF68CC /* Build configuration list for PBXNativeTarget "ParkingLotInterviewTest" */;
			buildPhases = (
				52E1A76A2A6852E700FF68CC /* Sources */,
				52E1A76B2A6852E700FF68CC /* Frameworks */,
				52E1A76C2A6852E700FF68CC /* Resources */,
			);
			buildRules = (
			);
			dependencies = (
			);
			name = ParkingLotInterviewTest;
			productName = ParkingLotInterviewTest;
			productReference = 52E1A76E2A6852E700FF68CC /* ParkingLotInterviewTest.app */;
			productType = "com.apple.product-type.application";
		};
/* End PBXNativeTarget section */

/* Begin PBXProject section */
		52E1A7662A6852E700FF68CC /* Project object */ = {
			isa = PBXProject;
			attributes = {
				BuildIndependentTargetsInParallel = 1;
				LastSwiftUpdateCheck = 1430;
				LastUpgradeCheck = 1430;
				TargetAttributes = {
					52E1A76D2A6852E700FF68CC = {
						CreatedOnToolsVersion = 14.3.1;
					};
				};
			};
			buildConfigurationList = 52E1A7692A6852E700FF68CC /* Build configuration list for PBXProject "ParkingLotInterviewTest" */;
			compatibilityVersion = "Xcode 14.0";
			developmentRegion = en;
			hasScannedForEncodings = 0;
			knownRegions = (
				en,
				Base,
			);
			mainGroup = 52E1A7652A6852E700FF68CC;
			productRefGroup = 52E1A76F2A6852E700FF68CC /* Products */;
			projectDirPath = "";
			projectRoot = "";
			targets = (
				52E1A76D2A6852E700FF68CC /* ParkingLotInterviewTest */,
			);
		};
/* End PBXProject section */

/* Begin PBXResourcesBuildPhase section */
		52E1A76C2A6852E700FF68CC /* Resources */ = {
			isa = PBXResourcesBuildPhase;
			buildActionMask = 2147483647;
			files = (
				52E1A77A2A6852E800FF68CC /* Preview Assets.xcassets in Resources */,
				52E1A7762A6852E800FF68CC /* Assets.xcassets in Resources */,
			);
			runOnlyForDeploymentPostprocessing = 0;
		};
/* End PBXResourcesBuildPhase section */

/* Begin PBXSourcesBuildPhase section */
		52E1A76A2A6852E700FF68CC /* Sources */ = {
			isa = PBXSourcesBuildPhase;
			buildActionMask = 2147483647;
			files = (
				52E1A78A2A6867E800FF68CC /* SpaceListView.swift in Sources */,
				52E1A7822A68530600FF68CC /* ParkingLot.swift in Sources */,
				52E1A7742A6852E700FF68CC /* ParkingLotView.swift in Sources */,
				52E1A7842A68534900FF68CC /* Space.swift in Sources */,
				52E1A78C2A686B7000FF68CC /* CurrentParkedCarsView.swift in Sources */,
				52E1A7862A68534E00FF68CC /* Vehicle.swift in Sources */,
				52E1A7882A6861A000FF68CC /* ParkingLotState.swift in Sources */,
				52E1A7722A6852E700FF68CC /* ParkingLotInterviewTestApp.swift in Sources */,
			);
			runOnlyForDeploymentPostprocessing = 0;
		};
/* End PBXSourcesBuildPhase section */

/* Begin XCBuildConfiguration section */
		52E1A77B2A6852E800FF68CC /* Debug */ = {
			isa = XCBuildConfiguration;
			buildSettings = {
				ALWAYS_SEARCH_USER_PATHS = NO;
				CLANG_ANALYZER_NONNULL = YES;
				CLANG_ANALYZER_NUMBER_OBJECT_CONVERSION = YES_AGGRESSIVE;
				CLANG_CXX_LANGUAGE_STANDARD = "gnu++20";
				CLANG_ENABLE_MODULES = YES;
				CLANG_ENABLE_OBJC_ARC = YES;
				CLANG_ENABLE_OBJC_WEAK = YES;
				CLANG_WARN_BLOCK_CAPTURE_AUTORELEASING = YES;
				CLANG_WARN_BOOL_CONVERSION = YES;
				CLANG_WARN_COMMA = YES;
				CLANG_WARN_CONSTANT_CONVERSION = YES;
				CLANG_WARN_DEPRECATED_OBJC_IMPLEMENTATIONS = YES;
				CLANG_WARN_DIRECT_OBJC_ISA_USAGE = YES_ERROR;
				CLANG_WARN_DOCUMENTATION_COMMENTS = YES;
				CLANG_WARN_EMPTY_BODY = YES;
				CLANG_WARN_ENUM_CONVERSION = YES;
				CLANG_WARN_INFINITE_RECURSION = YES;
				CLANG_WARN_INT_CONVERSION = YES;
				CLANG_WARN_NON_LITERAL_NULL_CONVERSION = YES;
				CLANG_WARN_OBJC_IMPLICIT_RETAIN_SELF = YES;
				CLANG_WARN_OBJC_LITERAL_CONVERSION = YES;
				CLANG_WARN_OBJC_ROOT_CLASS = YES_ERROR;
				CLANG_WARN_QUOTED_INCLUDE_IN_FRAMEWORK_HEADER = YES;
				CLANG_WARN_RANGE_LOOP_ANALYSIS = YES;
				CLANG_WARN_STRICT_PROTOTYPES = YES;
				CLANG_WARN_SUSPICIOUS_MOVE = YES;
				CLANG_WARN_UNGUARDED_AVAILABILITY = YES_AGGRESSIVE;
				CLANG_WARN_UNREACHABLE_CODE = YES;
				CLANG_WARN__DUPLICATE_METHOD_MATCH = YES;
				COPY_PHASE_STRIP = NO;
				DEBUG_INFORMATION_FORMAT = dwarf;
				ENABLE_STRICT_OBJC_MSGSEND = YES;
				ENABLE_TESTABILITY = YES;
				GCC_C_LANGUAGE_STANDARD = gnu11;
				GCC_DYNAMIC_NO_PIC = NO;
				GCC_NO_COMMON_BLOCKS = YES;
				GCC_OPTIMIZATION_LEVEL = 0;
				GCC_PREPROCESSOR_DEFINITIONS = (
					"DEBUG=1",
					"$(inherited)",
				);
				GCC_WARN_64_TO_32_BIT_CONVERSION = YES;
				GCC_WARN_ABOUT_RETURN_TYPE = YES_ERROR;
				GCC_WARN_UNDECLARED_SELECTOR = YES;
				GCC_WARN_UNINITIALIZED_AUTOS = YES_AGGRESSIVE;
				GCC_WARN_UNUSED_FUNCTION = YES;
				GCC_WARN_UNUSED_VARIABLE = YES;
				MTL_ENABLE_DEBUG_INFO = INCLUDE_SOURCE;
				MTL_FAST_MATH = YES;
				ONLY_ACTIVE_ARCH = YES;
				SWIFT_ACTIVE_COMPILATION_CONDITIONS = DEBUG;
				SWIFT_OPTIMIZATION_LEVEL = "-Onone";
			};
			name = Debug;
		};
		52E1A77C2A6852E800FF68CC /* Release */ = {
			isa = XCBuildConfiguration;
			buildSettings = {
				ALWAYS_SEARCH_USER_PATHS = NO;
				CLANG_ANALYZER_NONNULL = YES;
				CLANG_ANALYZER_NUMBER_OBJECT_CONVERSION = YES_AGGRESSIVE;
				CLANG_CXX_LANGUAGE_STANDARD = "gnu++20";
				CLANG_ENABLE_MODULES = YES;
				CLANG_ENABLE_OBJC_ARC = YES;
				CLANG_ENABLE_OBJC_WEAK = YES;
				CLANG_WARN_BLOCK_CAPTURE_AUTORELEASING = YES;
				CLANG_WARN_BOOL_CONVERSION = YES;
				CLANG_WARN_COMMA = YES;
				CLANG_WARN_CONSTANT_CONVERSION = YES;
				CLANG_WARN_DEPRECATED_OBJC_IMPLEMENTATIONS = YES;
				CLANG_WARN_DIRECT_OBJC_ISA_USAGE = YES_ERROR;
				CLANG_WARN_DOCUMENTATION_COMMENTS = YES;
				CLANG_WARN_EMPTY_BODY = YES;
				CLANG_WARN_ENUM_CONVERSION = YES;
				CLANG_WARN_INFINITE_RECURSION = YES;
				CLANG_WARN_INT_CONVERSION = YES;
				CLANG_WARN_NON_LITERAL_NULL_CONVERSION = YES;
				CLANG_WARN_OBJC_IMPLICIT_RETAIN_SELF = YES;
				CLANG_WARN_OBJC_LITERAL_CONVERSION = YES;
				CLANG_WARN_OBJC_ROOT_CLASS = YES_ERROR;
				CLANG_WARN_QUOTED_INCLUDE_IN_FRAMEWORK_HEADER = YES;
				CLANG_WARN_RANGE_LOOP_ANALYSIS = YES;
				CLANG_WARN_STRICT_PROTOTYPES = YES;
				CLANG_WARN_SUSPICIOUS_MOVE = YES;
				CLANG_WARN_UNGUARDED_AVAILABILITY = YES_AGGRESSIVE;
				CLANG_WARN_UNREACHABLE_CODE = YES;
				CLANG_WARN__DUPLICATE_METHOD_MATCH = YES;
				COPY_PHASE_STRIP = NO;
				DEBUG_INFORMATION_FORMAT = "dwarf-with-dsym";
				ENABLE_NS_ASSERTIONS = NO;
				ENABLE_STRICT_OBJC_MSGSEND = YES;
				GCC_C_LANGUAGE_STANDARD = gnu11;
				GCC_NO_COMMON_BLOCKS = YES;
				GCC_WARN_64_TO_32_BIT_CONVERSION = YES;
				GCC_WARN_ABOUT_RETURN_TYPE = YES_ERROR;
				GCC_WARN_UNDECLARED_SELECTOR = YES;
				GCC_WARN_UNINITIALIZED_AUTOS = YES_AGGRESSIVE;
				GCC_WARN_UNUSED_FUNCTION = YES;
				GCC_WARN_UNUSED_VARIABLE = YES;
				MTL_ENABLE_DEBUG_INFO = NO;
				MTL_FAST_MATH = YES;
				SWIFT_COMPILATION_MODE = wholemodule;
				SWIFT_OPTIMIZATION_LEVEL = "-O";
			};
			name = Release;
		};
		52E1A77E2A6852E800FF68CC /* Debug */ = {
			isa = XCBuildConfiguration;
			buildSettings = {
				ASSETCATALOG_COMPILER_APPICON_NAME = AppIcon;
				ASSETCATALOG_COMPILER_GLOBAL_ACCENT_COLOR_NAME = AccentColor;
				CODE_SIGN_ENTITLEMENTS = ParkingLotInterviewTest/ParkingLotInterviewTest.entitlements;
				CODE_SIGN_STYLE = Automatic;
				CURRENT_PROJECT_VERSION = 1;
				DEVELOPMENT_ASSET_PATHS = "\"ParkingLotInterviewTest/Preview Content\"";
				DEVELOPMENT_TEAM = 363P6K3ZSX;
				ENABLE_HARDENED_RUNTIME = YES;
				ENABLE_PREVIEWS = YES;
				GENERATE_INFOPLIST_FILE = YES;
				"INFOPLIST_KEY_UIApplicationSceneManifest_Generation[sdk=iphoneos*]" = YES;
				"INFOPLIST_KEY_UIApplicationSceneManifest_Generation[sdk=iphonesimulator*]" = YES;
				"INFOPLIST_KEY_UIApplicationSupportsIndirectInputEvents[sdk=iphoneos*]" = YES;
				"INFOPLIST_KEY_UIApplicationSupportsIndirectInputEvents[sdk=iphonesimulator*]" = YES;
				"INFOPLIST_KEY_UILaunchScreen_Generation[sdk=iphoneos*]" = YES;
				"INFOPLIST_KEY_UILaunchScreen_Generation[sdk=iphonesimulator*]" = YES;
				"INFOPLIST_KEY_UIStatusBarStyle[sdk=iphoneos*]" = UIStatusBarStyleDefault;
				"INFOPLIST_KEY_UIStatusBarStyle[sdk=iphonesimulator*]" = UIStatusBarStyleDefault;
				INFOPLIST_KEY_UISupportedInterfaceOrientations_iPad = "UIInterfaceOrientationPortrait UIInterfaceOrientationPortraitUpsideDown UIInterfaceOrientationLandscapeLeft UIInterfaceOrientationLandscapeRight";
				INFOPLIST_KEY_UISupportedInterfaceOrientations_iPhone = "UIInterfaceOrientationPortrait UIInterfaceOrientationLandscapeLeft UIInterfaceOrientationLandscapeRight";
				IPHONEOS_DEPLOYMENT_TARGET = 16.4;
				LD_RUNPATH_SEARCH_PATHS = "@executable_path/Frameworks";
				"LD_RUNPATH_SEARCH_PATHS[sdk=macosx*]" = "@executable_path/../Frameworks";
				MACOSX_DEPLOYMENT_TARGET = 13.3;
				MARKETING_VERSION = 1.0;
				PRODUCT_BUNDLE_IDENTIFIER = com.PickledGames.ParkingLotInterviewTest;
				PRODUCT_NAME = "$(TARGET_NAME)";
				SDKROOT = auto;
				SUPPORTED_PLATFORMS = "iphoneos iphonesimulator macosx";
				SWIFT_EMIT_LOC_STRINGS = YES;
				SWIFT_VERSION = 5.0;
				TARGETED_DEVICE_FAMILY = "1,2";
			};
			name = Debug;
		};
		52E1A77F2A6852E800FF68CC /* Release */ = {
			isa = XCBuildConfiguration;
			buildSettings = {
				ASSETCATALOG_COMPILER_APPICON_NAME = AppIcon;
				ASSETCATALOG_COMPILER_GLOBAL_ACCENT_COLOR_NAME = AccentColor;
				CODE_SIGN_ENTITLEMENTS = ParkingLotInterviewTest/ParkingLotInterviewTest.entitlements;
				CODE_SIGN_STYLE = Automatic;
				CURRENT_PROJECT_VERSION = 1;
				DEVELOPMENT_ASSET_PATHS = "\"ParkingLotInterviewTest/Preview Content\"";
				DEVELOPMENT_TEAM = 363P6K3ZSX;
				ENABLE_HARDENED_RUNTIME = YES;
				ENABLE_PREVIEWS = YES;
				GENERATE_INFOPLIST_FILE = YES;
				"INFOPLIST_KEY_UIApplicationSceneManifest_Generation[sdk=iphoneos*]" = YES;
				"INFOPLIST_KEY_UIApplicationSceneManifest_Generation[sdk=iphonesimulator*]" = YES;
				"INFOPLIST_KEY_UIApplicationSupportsIndirectInputEvents[sdk=iphoneos*]" = YES;
				"INFOPLIST_KEY_UIApplicationSupportsIndirectInputEvents[sdk=iphonesimulator*]" = YES;
				"INFOPLIST_KEY_UILaunchScreen_Generation[sdk=iphoneos*]" = YES;
				"INFOPLIST_KEY_UILaunchScreen_Generation[sdk=iphonesimulator*]" = YES;
				"INFOPLIST_KEY_UIStatusBarStyle[sdk=iphoneos*]" = UIStatusBarStyleDefault;
				"INFOPLIST_KEY_UIStatusBarStyle[sdk=iphonesimulator*]" = UIStatusBarStyleDefault;
				INFOPLIST_KEY_UISupportedInterfaceOrientations_iPad = "UIInterfaceOrientationPortrait UIInterfaceOrientationPortraitUpsideDown UIInterfaceOrientationLandscapeLeft UIInterfaceOrientationLandscapeRight";
				INFOPLIST_KEY_UISupportedInterfaceOrientations_iPhone = "UIInterfaceOrientationPortrait UIInterfaceOrientationLandscapeLeft UIInterfaceOrientationLandscapeRight";
				IPHONEOS_DEPLOYMENT_TARGET = 16.4;
				LD_RUNPATH_SEARCH_PATHS = "@executable_path/Frameworks";
				"LD_RUNPATH_SEARCH_PATHS[sdk=macosx*]" = "@executable_path/../Frameworks";
				MACOSX_DEPLOYMENT_TARGET = 13.3;
				MARKETING_VERSION = 1.0;
				PRODUCT_BUNDLE_IDENTIFIER = com.PickledGames.ParkingLotInterviewTest;
				PRODUCT_NAME = "$(TARGET_NAME)";
				SDKROOT = auto;
				SUPPORTED_PLATFORMS = "iphoneos iphonesimulator macosx";
				SWIFT_EMIT_LOC_STRINGS = YES;
				SWIFT_VERSION = 5.0;
				TARGETED_DEVICE_FAMILY = "1,2";
			};
			name = Release;
		};
/* End XCBuildConfiguration section */

/* Begin XCConfigurationList section */
		52E1A7692A6852E700FF68CC /* Build configuration list for PBXProject "ParkingLotInterviewTest" */ = {
			isa = XCConfigurationList;
			buildConfigurations = (
				52E1A77B2A6852E800FF68CC /* Debug */,
				52E1A77C2A6852E800FF68CC /* Release */,
			);
			defaultConfigurationIsVisible = 0;
			defaultConfigurationName = Release;
		};
		52E1A77D2A6852E800FF68CC /* Build configuration list for PBXNativeTarget "ParkingLotInterviewTest" */ = {
			isa = XCConfigurationList;
			buildConfigurations = (
				52E1A77E2A6852E800FF68CC /* Debug */,
				52E1A77F2A6852E800FF68CC /* Release */,
			);
			defaultConfigurationIsVisible = 0;
			defaultConfigurationName = Release;
		};
/* End XCConfigurationList section */
	};
	rootObject = 52E1A7662A6852E700FF68CC /* Project object */;
}
